
Microsoft Visual Studio Solution File, Format Version 12.00
# Visual Studio 15
Project("{FAE04EC0-301F-11D3-BF4B-00C04F79EFBC}") = "Assembly-CSharp", "Assembly-CSharp.csproj", "{A8265BDD-51AC-B9F8-F924-6C41ADD11780}"
EndProject
Project("{FAE04EC0-301F-11D3-BF4B-00C04F79EFBC}") = "Assembly-CSharp-Editor", "Assembly-CSharp-Editor.csproj", "{79FDFCB0-70B5-9181-E596-BFD57017005A}"
EndProject
Global
	GlobalSection(SolutionConfigurationPlatforms) = preSolution
		Debug|Any CPU = Debug|Any CPU
		Release|Any CPU = Release|Any CPU
	EndGlobalSection
	GlobalSection(ProjectConfigurationPlatforms) = postSolution
		{A8265BDD-51AC-B9F8-F924-6C41ADD11780}.Debug|Any CPU.ActiveCfg = Debug|Any CPU
		{A8265BDD-51AC-B9F8-F924-6C41ADD11780}.Debug|Any CPU.Build.0 = Debug|Any CPU
		{A8265BDD-51AC-B9F8-F924-6C41ADD11780}.Release|Any CPU.ActiveCfg = Release|Any CPU
		{A8265BDD-51AC-B9F8-F924-6C41ADD11780}.Release|Any CPU.Build.0 = Release|Any CPU
		{79FDFCB0-70B5-9181-E596-BFD57017005A}.Debug|Any CPU.ActiveCfg = Debug|Any CPU
		{79FDFCB0-70B5-9181-E596-BFD57017005A}.Debug|Any CPU.Build.0 = Debug|Any CPU
		{79FDFCB0-70B5-9181-E596-BFD57017005A}.Release|Any CPU.ActiveCfg = Release|Any CPU
		{79FDFCB0-70B5-9181-E596-BFD57017005A}.Release|Any CPU.Build.0 = Release|Any CPU
	EndGlobalSection
	GlobalSection(SolutionProperties) = preSolution
		HideSolutionNode = FALSE
	EndGlobalSection
EndGlobal
